{
  "name": "in_nodejs",
  "version": "1.0.0",
  "lockfileVersion": 2,
  "requires": true,
  "packages": {
    "": {
      "name": "in_nodejs",
      "version": "1.0.0",
      "license": "ISC",
      "dependencies": {
        "@tatyanaprohorova/uni_library_1": "^1.0.2"
      }
    },
    "node_modules/@tatyanaprohorova/uni_library_1": {
      "version": "1.0.2",
      "resolved": "https://npm.pkg.github.com/download/@tatyanaprohorova/uni_library_1/1.0.2/788e731a00e3f79c4190289df8c3f60706dea99f",
      "integrity": "sha512-h0QIxtZ554LtfGPV9+GMxedDani1rIhzlOSF8Foi6OzxZTeNWgFSZcT2i35ntK9Ny0WfMdud6qtANV8a18TnQA==",
      "license": "ISC"
    }
  },
  "dependencies": {
    "@tatyanaprohorova/uni_library_1": {
      "version": "1.0.2",
      "resolved": "https://npm.pkg.github.com/download/@tatyanaprohorova/uni_library_1/1.0.2/788e731a00e3f79c4190289df8c3f60706dea99f",
      "integrity": "sha512-h0QIxtZ554LtfGPV9+GMxedDani1rIhzlOSF8Foi6OzxZTeNWgFSZcT2i35ntK9Ny0WfMdud6qtANV8a18TnQA=="
    }
  }
}
